
Microsoft Visual Studio Solution File, Format Version 12.00
# Visual Studio 15
VisualStudioVersion = 15.0.27703.2018
MinimumVisualStudioVersion = 10.0.40219.1
Project("{FAE04EC0-301F-11D3-BF4B-00C04F79EFBC}") = "ECM.Core", "ECM.Core\ECM.Core.csproj", "{A4ADAFE0-8855-41DF-9299-F8C3067E525F}"
EndProject
Project("{FAE04EC0-301F-11D3-BF4B-00C04F79EFBC}") = "ECM.Domain", "ECM.Domain.Model\ECM.Domain.csproj", "{66719E2A-7017-446C-AC01-C286B7DFCD2D}"
EndProject
Project("{FAE04EC0-301F-11D3-BF4B-00C04F79EFBC}") = "ECM.Application", "ECM.Application\ECM.Application.csproj", "{CA89A76B-D03D-4FC4-A5C8-C656A0FC00EA}"
EndProject
Project("{FAE04EC0-301F-11D3-BF4B-00C04F79EFBC}") = "ECM.Web", "ECM.Web\ECM.Web.csproj", "{C537962A-81ED-495D-9FBF-8A9D0A56C81A}"
EndProject
Global
	GlobalSection(SolutionConfigurationPlatforms) = preSolution
		Debug|Any CPU = Debug|Any CPU
		Release|Any CPU = Release|Any CPU
	EndGlobalSection
	GlobalSection(ProjectConfigurationPlatforms) = postSolution
		{A4ADAFE0-8855-41DF-9299-F8C3067E525F}.Debug|Any CPU.ActiveCfg = Debug|Any CPU
		{A4ADAFE0-8855-41DF-9299-F8C3067E525F}.Debug|Any CPU.Build.0 = Debug|Any CPU
		{A4ADAFE0-8855-41DF-9299-F8C3067E525F}.Release|Any CPU.ActiveCfg = Release|Any CPU
		{A4ADAFE0-8855-41DF-9299-F8C3067E525F}.Release|Any CPU.Build.0 = Release|Any CPU
		{66719E2A-7017-446C-AC01-C286B7DFCD2D}.Debug|Any CPU.ActiveCfg = Debug|Any CPU
		{66719E2A-7017-446C-AC01-C286B7DFCD2D}.Debug|Any CPU.Build.0 = Debug|Any CPU
		{66719E2A-7017-446C-AC01-C286B7DFCD2D}.Release|Any CPU.ActiveCfg = Release|Any CPU
		{66719E2A-7017-446C-AC01-C286B7DFCD2D}.Release|Any CPU.Build.0 = Release|Any CPU
		{CA89A76B-D03D-4FC4-A5C8-C656A0FC00EA}.Debug|Any CPU.ActiveCfg = Debug|Any CPU
		{CA89A76B-D03D-4FC4-A5C8-C656A0FC00EA}.Debug|Any CPU.Build.0 = Debug|Any CPU
		{CA89A76B-D03D-4FC4-A5C8-C656A0FC00EA}.Release|Any CPU.ActiveCfg = Release|Any CPU
		{CA89A76B-D03D-4FC4-A5C8-C656A0FC00EA}.Release|Any CPU.Build.0 = Release|Any CPU
		{C537962A-81ED-495D-9FBF-8A9D0A56C81A}.Debug|Any CPU.ActiveCfg = Debug|Any CPU
		{C537962A-81ED-495D-9FBF-8A9D0A56C81A}.Debug|Any CPU.Build.0 = Debug|Any CPU
		{C537962A-81ED-495D-9FBF-8A9D0A56C81A}.Release|Any CPU.ActiveCfg = Release|Any CPU
		{C537962A-81ED-495D-9FBF-8A9D0A56C81A}.Release|Any CPU.Build.0 = Release|Any CPU
	EndGlobalSection
	GlobalSection(SolutionProperties) = preSolution
		HideSolutionNode = FALSE
	EndGlobalSection
	GlobalSection(ExtensibilityGlobals) = postSolution
		SolutionGuid = {C9834FDD-7E6E-40DF-8F7C-5FDFA213DFA4}
	EndGlobalSection
EndGlobal
